// !$*UTF8*$!
{
	archiveVersion = 1;
	classes = {
	};
	objectVersion = 46;
	objects = {

/* Begin PBXBuildFile section */
		4BEE73211E77B344006F7D35 /* AppDelegate.swift in Sources */ = {isa = PBXBuildFile; fileRef = 4BEE73201E77B344006F7D35 /* AppDelegate.swift */; };
		4BEE73231E77B344006F7D35 /* ViewController.swift in Sources */ = {isa = PBXBuildFile; fileRef = 4BEE73221E77B344006F7D35 /* ViewController.swift */; };
		4BEE73261E77B344006F7D35 /* Main.storyboard in Resources */ = {isa = PBXBuildFile; fileRef = 4BEE73241E77B344006F7D35 /* Main.storyboard */; };
		4BEE73281E77B344006F7D35 /* Assets.xcassets in Resources */ = {isa = PBXBuildFile; fileRef = 4BEE73271E77B344006F7D35 /* Assets.xcassets */; };
		4BEE732B1E77B344006F7D35 /* LaunchScreen.storyboard in Resources */ = {isa = PBXBuildFile; fileRef = 4BEE73291E77B344006F7D35 /* LaunchScreen.storyboard */; };
		4BEE73361E77B345006F7D35 /* XHPickerViewTests.swift in Sources */ = {isa = PBXBuildFile; fileRef = 4BEE73351E77B345006F7D35 /* XHPickerViewTests.swift */; };
		4BEE73411E77B345006F7D35 /* XHPickerViewUITests.swift in Sources */ = {isa = PBXBuildFile; fileRef = 4BEE73401E77B345006F7D35 /* XHPickerViewUITests.swift */; };
		4BEE73511E77B893006F7D35 /* XHPickerView.swift in Sources */ = {isa = PBXBuildFile; fileRef = 4BEE73501E77B893006F7D35 /* XHPickerView.swift */; };
/* End PBXBuildFile section */

/* Begin PBXContainerItemProxy section */
		4BEE73321E77B344006F7D35 /* PBXContainerItemProxy */ = {
			isa = PBXContainerItemProxy;
			containerPortal = 4BEE73151E77B344006F7D35 /* Project object */;
			proxyType = 1;
			remoteGlobalIDString = 4BEE731C1E77B344006F7D35;
			remoteInfo = XHPickerView;
		};
		4BEE733D1E77B345006F7D35 /* PBXContainerItemProxy */ = {
			isa = PBXContainerItemProxy;
			containerPortal = 4BEE73151E77B344006F7D35 /* Project object */;
			proxyType = 1;
			remoteGlobalIDString = 4BEE731C1E77B344006F7D35;
			remoteInfo = XHPickerView;
		};
/* End PBXContainerItemProxy section */

/* Begin PBXFileReference section */
		4BEE731D1E77B344006F7D35 /* XHPickerView.app */ = {isa = PBXFileReference; explicitFileType = wrapper.application; includeInIndex = 0; path = XHPickerView.app; sourceTree = BUILT_PRODUCTS_DIR; };
		4BEE73201E77B344006F7D35 /* AppDelegate.swift */ = {isa = PBXFileReference; lastKnownFileType = sourcecode.swift; path = AppDelegate.swift; sourceTree = "<group>"; };
		4BEE73221E77B344006F7D35 /* ViewController.swift */ = {isa = PBXFileReference; lastKnownFileType = sourcecode.swift; path = ViewController.swift; sourceTree = "<group>"; };
		4BEE73251E77B344006F7D35 /* Base */ = {isa = PBXFileReference; lastKnownFileType = file.storyboard; name = Base; path = Base.lproj/Main.storyboard; sourceTree = "<group>"; };
		4BEE73271E77B344006F7D35 /* Assets.xcassets */ = {isa = PBXFileReference; lastKnownFileType = folder.assetcatalog; path = Assets.xcassets; sourceTree = "<group>"; };
		4BEE732A1E77B344006F7D35 /* Base */ = {isa = PBXFileReference; lastKnownFileType = file.storyboard; name = Base; path = Base.lproj/LaunchScreen.storyboard; sourceTree = "<group>"; };
		4BEE732C1E77B344006F7D35 /* Info.plist */ = {isa = PBXFileReference; lastKnownFileType = text.plist.xml; path = Info.plist; sourceTree = "<group>"; };
		4BEE73311E77B344006F7D35 /* XHPickerViewTests.xctest */ = {isa = PBXFileReference; explicitFileType = wrapper.cfbundle; includeInIndex = 0; path = XHPickerViewTests.xctest; sourceTree = BUILT_PRODUCTS_DIR; };
		4BEE73351E77B345006F7D35 /* XHPickerViewTests.swift */ = {isa = PBXFileReference; lastKnownFileType = sourcecode.swift; path = XHPickerViewTests.swift; sourceTree = "<group>"; };
		4BEE73371E77B345006F7D35 /* Info.plist */ = {isa = PBXFileReference; lastKnownFileType = text.plist.xml; path = Info.plist; sourceTree = "<group>"; };
		4BEE733C1E77B345006F7D35 /* XHPickerViewUITests.xctest */ = {isa = PBXFileReference; explicitFileType = wrapper.cfbundle; includeInIndex = 0; path = XHPickerViewUITests.xctest; sourceTree = BUILT_PRODUCTS_DIR; };
		4BEE73401E77B345006F7D35 /* XHPickerViewUITests.swift */ = {isa = PBXFileReference; lastKnownFileType = sourcecode.swift; path = XHPickerViewUITests.swift; sourceTree = "<group>"; };
		4BEE73421E77B345006F7D35 /* Info.plist */ = {isa = PBXFileReference; lastKnownFileType = text.plist.xml; path = Info.plist; sourceTree = "<group>"; };
		4BEE73501E77B893006F7D35 /* XHPickerView.swift */ = {isa = PBXFileReference; fileEncoding = 4; lastKnownFileType = sourcecode.swift; path = XHPickerView.swift; sourceTree = "<group>"; };
/* End PBXFileReference section */

/* Begin PBXFrameworksBuildPhase section */
		4BEE731A1E77B344006F7D35 /* Frameworks */ = {
			isa = PBXFrameworksBuildPhase;
			buildActionMask = 2147483647;
			files = (
			);
			runOnlyForDeploymentPostprocessing = 0;
		};
		4BEE732E1E77B344006F7D35 /* Frameworks */ = {
			isa = PBXFrameworksBuildPhase;
			buildActionMask = 2147483647;
			files = (
			);
			runOnlyForDeploymentPostprocessing = 0;
		};
		4BEE73391E77B345006F7D35 /* Frameworks */ = {
			isa = PBXFrameworksBuildPhase;
			buildActionMask = 2147483647;
			files = (
			);
			runOnlyForDeploymentPostprocessing = 0;
		};
/* End PBXFrameworksBuildPhase section */

/* Begin PBXGroup section */
		4BEE73141E77B344006F7D35 = {
			isa = PBXGroup;
			children = (
				4BEE731F1E77B344006F7D35 /* XHPickerView */,
				4BEE73341E77B344006F7D35 /* XHPickerViewTests */,
				4BEE733F1E77B345006F7D35 /* XHPickerViewUITests */,
				4BEE731E1E77B344006F7D35 /* Products */,
			);
			sourceTree = "<group>";
		};
		4BEE731E1E77B344006F7D35 /* Products */ = {
			isa = PBXGroup;
			children = (
				4BEE731D1E77B344006F7D35 /* XHPickerView.app */,
				4BEE73311E77B344006F7D35 /* XHPickerViewTests.xctest */,
				4BEE733C1E77B345006F7D35 /* XHPickerViewUITests.xctest */,
			);
			name = Products;
			sourceTree = "<group>";
		};
		4BEE731F1E77B344006F7D35 /* XHPickerView */ = {
			isa = PBXGroup;
			children = (
				4BEE73201E77B344006F7D35 /* AppDelegate.swift */,
				4BEE73221E77B344006F7D35 /* ViewController.swift */,
				4BEE73501E77B893006F7D35 /* XHPickerView.swift */,
				4BEE73241E77B344006F7D35 /* Main.storyboard */,
				4BEE73271E77B344006F7D35 /* Assets.xcassets */,
				4BEE73291E77B344006F7D35 /* LaunchScreen.storyboard */,
				4BEE732C1E77B344006F7D35 /* Info.plist */,
			);
			path = XHPickerView;
			sourceTree = "<group>";
		};
		4BEE73341E77B344006F7D35 /* XHPickerViewTests */ = {
			isa = PBXGroup;
			children = (
				4BEE73351E77B345006F7D35 /* XHPickerViewTests.swift */,
				4BEE73371E77B345006F7D35 /* Info.plist */,
			);
			path = XHPickerViewTests;
			sourceTree = "<group>";
		};
		4BEE733F1E77B345006F7D35 /* XHPickerViewUITests */ = {
			isa = PBXGroup;
			children = (
				4BEE73401E77B345006F7D35 /* XHPickerViewUITests.swift */,
				4BEE73421E77B345006F7D35 /* Info.plist */,
			);
			path = XHPickerViewUITests;
			sourceTree = "<group>";
		};
/* End PBXGroup section */

/* Begin PBXNativeTarget section */
		4BEE731C1E77B344006F7D35 /* XHPickerView */ = {
			isa = PBXNativeTarget;
			buildConfigurationList = 4BEE73451E77B345006F7D35 /* Build configuration list for PBXNativeTarget "XHPickerView" */;
			buildPhases = (
				4BEE73191E77B344006F7D35 /* Sources */,
				4BEE731A1E77B344006F7D35 /* Frameworks */,
				4BEE731B1E77B344006F7D35 /* Resources */,
			);
			buildRules = (
			);
			dependencies = (
			);
			name = XHPickerView;
			productName = XHPickerView;
			productReference = 4BEE731D1E77B344006F7D35 /* XHPickerView.app */;
			productType = "com.apple.product-type.application";
		};
		4BEE73301E77B344006F7D35 /* XHPickerViewTests */ = {
			isa = PBXNativeTarget;
			buildConfigurationList = 4BEE73481E77B345006F7D35 /* Build configuration list for PBXNativeTarget "XHPickerViewTests" */;
			buildPhases = (
				4BEE732D1E77B344006F7D35 /* Sources */,
				4BEE732E1E77B344006F7D35 /* Frameworks */,
				4BEE732F1E77B344006F7D35 /* Resources */,
			);
			buildRules = (
			);
			dependencies = (
				4BEE73331E77B344006F7D35 /* PBXTargetDependency */,
			);
			name = XHPickerViewTests;
			productName = XHPickerViewTests;
			productReference = 4BEE73311E77B344006F7D35 /* XHPickerViewTests.xctest */;
			productType = "com.apple.product-type.bundle.unit-test";
		};
		4BEE733B1E77B345006F7D35 /* XHPickerViewUITests */ = {
			isa = PBXNativeTarget;
			buildConfigurationList = 4BEE734B1E77B345006F7D35 /* Build configuration list for PBXNativeTarget "XHPickerViewUITests" */;
			buildPhases = (
				4BEE73381E77B345006F7D35 /* Sources */,
				4BEE73391E77B345006F7D35 /* Frameworks */,
				4BEE733A1E77B345006F7D35 /* Resources */,
			);
			buildRules = (
			);
			dependencies = (
				4BEE733E1E77B345006F7D35 /* PBXTargetDependency */,
			);
			name = XHPickerViewUITests;
			productName = XHPickerViewUITests;
			productReference = 4BEE733C1E77B345006F7D35 /* XHPickerViewUITests.xctest */;
			productType = "com.apple.product-type.bundle.ui-testing";
		};
/* End PBXNativeTarget section */

/* Begin PBXProject section */
		4BEE73151E77B344006F7D35 /* Project object */ = {
			isa = PBXProject;
			attributes = {
				LastSwiftUpdateCheck = 0820;
				LastUpgradeCheck = 0820;
				ORGANIZATIONNAME = xiaohui;
				TargetAttributes = {
					4BEE731C1E77B344006F7D35 = {
						CreatedOnToolsVersion = 8.2.1;
						ProvisioningStyle = Automatic;
					};
					4BEE73301E77B344006F7D35 = {
						CreatedOnToolsVersion = 8.2.1;
						ProvisioningStyle = Automatic;
						TestTargetID = 4BEE731C1E77B344006F7D35;
					};
					4BEE733B1E77B345006F7D35 = {
						CreatedOnToolsVersion = 8.2.1;
						ProvisioningStyle = Automatic;
						TestTargetID = 4BEE731C1E77B344006F7D35;
					};
				};
			};
			buildConfigurationList = 4BEE73181E77B344006F7D35 /* Build configuration list for PBXProject "XHPickerView" */;
			compatibilityVersion = "Xcode 3.2";
			developmentRegion = English;
			hasScannedForEncodings = 0;
			knownRegions = (
				en,
				Base,
			);
			mainGroup = 4BEE73141E77B344006F7D35;
			productRefGroup = 4BEE731E1E77B344006F7D35 /* Products */;
			projectDirPath = "";
			projectRoot = "";
			targets = (
				4BEE731C1E77B344006F7D35 /* XHPickerView */,
				4BEE73301E77B344006F7D35 /* XHPickerViewTests */,
				4BEE733B1E77B345006F7D35 /* XHPickerViewUITests */,
			);
		};
/* End PBXProject section */

/* Begin PBXResourcesBuildPhase section */
		4BEE731B1E77B344006F7D35 /* Resources */ = {
			isa = PBXResourcesBuildPhase;
			buildActionMask = 2147483647;
			files = (
				4BEE732B1E77B344006F7D35 /* LaunchScreen.storyboard in Resources */,
				4BEE73281E77B344006F7D35 /* Assets.xcassets in Resources */,
				4BEE73261E77B344006F7D35 /* Main.storyboard in Resources */,
			);
			runOnlyForDeploymentPostprocessing = 0;
		};
		4BEE732F1E77B344006F7D35 /* Resources */ = {
			isa = PBXResourcesBuildPhase;
			buildActionMask = 2147483647;
			files = (
			);
			runOnlyForDeploymentPostprocessing = 0;
		};
		4BEE733A1E77B345006F7D35 /* Resources */ = {
			isa = PBXResourcesBuildPhase;
			buildActionMask = 2147483647;
			files = (
			);
			runOnlyForDeploymentPostprocessing = 0;
		};
/* End PBXResourcesBuildPhase section */

/* Begin PBXSourcesBuildPhase section */
		4BEE73191E77B344006F7D35 /* Sources */ = {
			isa = PBXSourcesBuildPhase;
			buildActionMask = 2147483647;
			files = (
				4BEE73231E77B344006F7D35 /* ViewController.swift in Sources */,
				4BEE73211E77B344006F7D35 /* AppDelegate.swift in Sources */,
				4BEE73511E77B893006F7D35 /* XHPickerView.swift in Sources */,
			);
			runOnlyForDeploymentPostprocessing = 0;
		};
		4BEE732D1E77B344006F7D35 /* Sources */ = {
			isa = PBXSourcesBuildPhase;
			buildActionMask = 2147483647;
			files = (
				4BEE73361E77B345006F7D35 /* XHPickerViewTests.swift in Sources */,
			);
			runOnlyForDeploymentPostprocessing = 0;
		};
		4BEE73381E77B345006F7D35 /* Sources */ = {
			isa = PBXSourcesBuildPhase;
			buildActionMask = 2147483647;
			files = (
				4BEE73411E77B345006F7D35 /* XHPickerViewUITests.swift in Sources */,
			);
			runOnlyForDeploymentPostprocessing = 0;
		};
/* End PBXSourcesBuildPhase section */

/* Begin PBXTargetDependency section */
		4BEE73331E77B344006F7D35 /* PBXTargetDependency */ = {
			isa = PBXTargetDependency;
			target = 4BEE731C1E77B344006F7D35 /* XHPickerView */;
			targetProxy = 4BEE73321E77B344006F7D35 /* PBXContainerItemProxy */;
		};
		4BEE733E1E77B345006F7D35 /* PBXTargetDependency */ = {
			isa = PBXTargetDependency;
			target = 4BEE731C1E77B344006F7D35 /* XHPickerView */;
			targetProxy = 4BEE733D1E77B345006F7D35 /* PBXContainerItemProxy */;
		};
/* End PBXTargetDependency section */

/* Begin PBXVariantGroup section */
		4BEE73241E77B344006F7D35 /* Main.storyboard */ = {
			isa = PBXVariantGroup;
			children = (
				4BEE73251E77B344006F7D35 /* Base */,
			);
			name = Main.storyboard;
			sourceTree = "<group>";
		};
		4BEE73291E77B344006F7D35 /* LaunchScreen.storyboard */ = {
			isa = PBXVariantGroup;
			children = (
				4BEE732A1E77B344006F7D35 /* Base */,
			);
			name = LaunchScreen.storyboard;
			sourceTree = "<group>";
		};
/* End PBXVariantGroup section */

/* Begin XCBuildConfiguration section */
		4BEE73431E77B345006F7D35 /* Debug */ = {
			isa = XCBuildConfiguration;
			buildSettings = {
				ALWAYS_SEARCH_USER_PATHS = NO;
				CLANG_ANALYZER_NONNULL = YES;
				CLANG_CXX_LANGUAGE_STANDARD = "gnu++0x";
				CLANG_CXX_LIBRARY = "libc++";
				CLANG_ENABLE_MODULES = YES;
				CLANG_ENABLE_OBJC_ARC = YES;
				CLANG_WARN_BOOL_CONVERSION = YES;
				CLANG_WARN_CONSTANT_CONVERSION = YES;
				CLANG_WARN_DIRECT_OBJC_ISA_USAGE = YES_ERROR;
				CLANG_WARN_DOCUMENTATION_COMMENTS = YES;
				CLANG_WARN_EMPTY_BODY = YES;
				CLANG_WARN_ENUM_CONVERSION = YES;
				CLANG_WARN_INFINITE_RECURSION = YES;
				CLANG_WARN_INT_CONVERSION = YES;
				CLANG_WARN_OBJC_ROOT_CLASS = YES_ERROR;
				CLANG_WARN_SUSPICIOUS_MOVE = YES;
				CLANG_WARN_UNREACHABLE_CODE = YES;
				CLANG_WARN__DUPLICATE_METHOD_MATCH = YES;
				"CODE_SIGN_IDENTITY[sdk=iphoneos*]" = "iPhone Developer";
				COPY_PHASE_STRIP = NO;
				DEBUG_INFORMATION_FORMAT = dwarf;
				ENABLE_STRICT_OBJC_MSGSEND = YES;
				ENABLE_TESTABILITY = YES;
				GCC_C_LANGUAGE_STANDARD = gnu99;
				GCC_DYNAMIC_NO_PIC = NO;
				GCC_NO_COMMON_BLOCKS = YES;
				GCC_OPTIMIZATION_LEVEL = 0;
				GCC_PREPROCESSOR_DEFINITIONS = (
					"DEBUG=1",
					"$(inherited)",
				);
				GCC_WARN_64_TO_32_BIT_CONVERSION = YES;
				GCC_WARN_ABOUT_RETURN_TYPE = YES_ERROR;
				GCC_WARN_UNDECLARED_SELECTOR = YES;
				GCC_WARN_UNINITIALIZED_AUTOS = YES_AGGRESSIVE;
				GCC_WARN_UNUSED_FUNCTION = YES;
				GCC_WARN_UNUSED_VARIABLE = YES;
				IPHONEOS_DEPLOYMENT_TARGET = 10.2;
				MTL_ENABLE_DEBUG_INFO = YES;
				ONLY_ACTIVE_ARCH = YES;
				SDKROOT = iphoneos;
				SWIFT_ACTIVE_COMPILATION_CONDITIONS = DEBUG;
				SWIFT_OPTIMIZATION_LEVEL = "-Onone";
			};
			name = Debug;
		};
		4BEE73441E77B345006F7D35 /* Release */ = {
			isa = XCBuildConfiguration;
			buildSettings = {
				ALWAYS_SEARCH_USER_PATHS = NO;
				CLANG_ANALYZER_NONNULL = YES;
				CLANG_CXX_LANGUAGE_STANDARD = "gnu++0x";
				CLANG_CXX_LIBRARY = "libc++";
				CLANG_ENABLE_MODULES = YES;
				CLANG_ENABLE_OBJC_ARC = YES;
				CLANG_WARN_BOOL_CONVERSION = YES;
				CLANG_WARN_CONSTANT_CONVERSION = YES;
				CLANG_WARN_DIRECT_OBJC_ISA_USAGE = YES_ERROR;
				CLANG_WARN_DOCUMENTATION_COMMENTS = YES;
				CLANG_WARN_EMPTY_BODY = YES;
				CLANG_WARN_ENUM_CONVERSION = YES;
				CLANG_WARN_INFINITE_RECURSION = YES;
				CLANG_WARN_INT_CONVERSION = YES;
				CLANG_WARN_OBJC_ROOT_CLASS = YES_ERROR;
				CLANG_WARN_SUSPICIOUS_MOVE = YES;
				CLANG_WARN_UNREACHABLE_CODE = YES;
				CLANG_WARN__DUPLICATE_METHOD_MATCH = YES;
				"CODE_SIGN_IDENTITY[sdk=iphoneos*]" = "iPhone Developer";
				COPY_PHASE_STRIP = NO;
				DEBUG_INFORMATION_FORMAT = "dwarf-with-dsym";
				ENABLE_NS_ASSERTIONS = NO;
				ENABLE_STRICT_OBJC_MSGSEND = YES;
				GCC_C_LANGUAGE_STANDARD = gnu99;
				GCC_NO_COMMON_BLOCKS = YES;
				GCC_WARN_64_TO_32_BIT_CONVERSION = YES;
				GCC_WARN_ABOUT_RETURN_TYPE = YES_ERROR;
				GCC_WARN_UNDECLARED_SELECTOR = YES;
				GCC_WARN_UNINITIALIZED_AUTOS = YES_AGGRESSIVE;
				GCC_WARN_UNUSED_FUNCTION = YES;
				GCC_WARN_UNUSED_VARIABLE = YES;
				IPHONEOS_DEPLOYMENT_TARGET = 10.2;
				MTL_ENABLE_DEBUG_INFO = NO;
				SDKROOT = iphoneos;
				SWIFT_OPTIMIZATION_LEVEL = "-Owholemodule";
				VALIDATE_PRODUCT = YES;
			};
			name = Release;
		};
		4BEE73461E77B345006F7D35 /* Debug */ = {
			isa = XCBuildConfiguration;
			buildSettings = {
				ASSETCATALOG_COMPILER_APPICON_NAME = AppIcon;
				INFOPLIST_FILE = XHPickerView/Info.plist;
				LD_RUNPATH_SEARCH_PATHS = "$(inherited) @executable_path/Frameworks";
				PRODUCT_BUNDLE_IDENTIFIER = xxx.XHPickerView;
				PRODUCT_NAME = "$(TARGET_NAME)";
				SWIFT_VERSION = 3.0;
			};
			name = Debug;
		};
		4BEE73471E77B345006F7D35 /* Release */ = {
			isa = XCBuildConfiguration;
			buildSettings = {
				ASSETCATALOG_COMPILER_APPICON_NAME = AppIcon;
				INFOPLIST_FILE = XHPickerView/Info.plist;
				LD_RUNPATH_SEARCH_PATHS = "$(inherited) @executable_path/Frameworks";
				PRODUCT_BUNDLE_IDENTIFIER = xxx.XHPickerView;
				PRODUCT_NAME = "$(TARGET_NAME)";
				SWIFT_VERSION = 3.0;
			};
			name = Release;
		};
		4BEE73491E77B345006F7D35 /* Debug */ = {
			isa = XCBuildConfiguration;
			buildSettings = {
				ALWAYS_EMBED_SWIFT_STANDARD_LIBRARIES = YES;
				BUNDLE_LOADER = "$(TEST_HOST)";
				INFOPLIST_FILE = XHPickerViewTests/Info.plist;
				LD_RUNPATH_SEARCH_PATHS = "$(inherited) @executable_path/Frameworks @loader_path/Frameworks";
				PRODUCT_BUNDLE_IDENTIFIER = xxx.XHPickerViewTests;
				PRODUCT_NAME = "$(TARGET_NAME)";
				SWIFT_VERSION = 3.0;
				TEST_HOST = "$(BUILT_PRODUCTS_DIR)/XHPickerView.app/XHPickerView";
			};
			name = Debug;
		};
		4BEE734A1E77B345006F7D35 /* Release */ = {
			isa = XCBuildConfiguration;
			buildSettings = {
				ALWAYS_EMBED_SWIFT_STANDARD_LIBRARIES = YES;
				BUNDLE_LOADER = "$(TEST_HOST)";
				INFOPLIST_FILE = XHPickerViewTests/Info.plist;
				LD_RUNPATH_SEARCH_PATHS = "$(inherited) @executable_path/Frameworks @loader_path/Frameworks";
				PRODUCT_BUNDLE_IDENTIFIER = xxx.XHPickerViewTests;
				PRODUCT_NAME = "$(TARGET_NAME)";
				SWIFT_VERSION = 3.0;
				TEST_HOST = "$(BUILT_PRODUCTS_DIR)/XHPickerView.app/XHPickerView";
			};
			name = Release;
		};
		4BEE734C1E77B345006F7D35 /* Debug */ = {
			isa = XCBuildConfiguration;
			buildSettings = {
				ALWAYS_EMBED_SWIFT_STANDARD_LIBRARIES = YES;
				INFOPLIST_FILE = XHPickerViewUITests/Info.plist;
				LD_RUNPATH_SEARCH_PATHS = "$(inherited) @executable_path/Frameworks @loader_path/Frameworks";
				PRODUCT_BUNDLE_IDENTIFIER = xxx.XHPickerViewUITests;
				PRODUCT_NAME = "$(TARGET_NAME)";
				SWIFT_VERSION = 3.0;
				TEST_TARGET_NAME = XHPickerView;
			};
			name = Debug;
		};
		4BEE734D1E77B345006F7D35 /* Release */ = {
			isa = XCBuildConfiguration;
			buildSettings = {
				ALWAYS_EMBED_SWIFT_STANDARD_LIBRARIES = YES;
				INFOPLIST_FILE = XHPickerViewUITests/Info.plist;
				LD_RUNPATH_SEARCH_PATHS = "$(inherited) @executable_path/Frameworks @loader_path/Frameworks";
				PRODUCT_BUNDLE_IDENTIFIER = xxx.XHPickerViewUITests;
				PRODUCT_NAME = "$(TARGET_NAME)";
				SWIFT_VERSION = 3.0;
				TEST_TARGET_NAME = XHPickerView;
			};
			name = Release;
		};
/* End XCBuildConfiguration section */

/* Begin XCConfigurationList section */
		4BEE73181E77B344006F7D35 /* Build configuration list for PBXProject "XHPickerView" */ = {
			isa = XCConfigurationList;
			buildConfigurations = (
				4BEE73431E77B345006F7D35 /* Debug */,
				4BEE73441E77B345006F7D35 /* Release */,
			);
			defaultConfigurationIsVisible = 0;
			defaultConfigurationName = Release;
		};
		4BEE73451E77B345006F7D35 /* Build configuration list for PBXNativeTarget "XHPickerView" */ = {
			isa = XCConfigurationList;
			buildConfigurations = (
				4BEE73461E77B345006F7D35 /* Debug */,
				4BEE73471E77B345006F7D35 /* Release */,
			);
			defaultConfigurationIsVisible = 0;
			defaultConfigurationName = Release;
		};
		4BEE73481E77B345006F7D35 /* Build configuration list for PBXNativeTarget "XHPickerViewTests" */ = {
			isa = XCConfigurationList;
			buildConfigurations = (
				4BEE73491E77B345006F7D35 /* Debug */,
				4BEE734A1E77B345006F7D35 /* Release */,
			);
			defaultConfigurationIsVisible = 0;
			defaultConfigurationName = Release;
		};
		4BEE734B1E77B345006F7D35 /* Build configuration list for PBXNativeTarget "XHPickerViewUITests" */ = {
			isa = XCConfigurationList;
			buildConfigurations = (
				4BEE734C1E77B345006F7D35 /* Debug */,
				4BEE734D1E77B345006F7D35 /* Release */,
			);
			defaultConfigurationIsVisible = 0;
			defaultConfigurationName = Release;
		};
/* End XCConfigurationList section */
	};
	rootObject = 4BEE73151E77B344006F7D35 /* Project object */;
}
